
Microsoft Visual Studio Solution File, Format Version 12.00
# Visual Studio 15
VisualStudioVersion = 15.0.26228.4
MinimumVisualStudioVersion = 10.0.40219.1
Project("{FAE04EC0-301F-11D3-BF4B-00C04F79EFBC}") = "WorldBank.Models", "WorldBank.Models\WorldBank.Models.csproj", "{3171E723-2EEA-49A0-8C05-F6EB23E0F60B}"
EndProject
Project("{FAE04EC0-301F-11D3-BF4B-00C04F79EFBC}") = "WorldBank.Repository", "WorldBank.Repository\WorldBank.Repository.csproj", "{32BC205D-4D0B-4530-89F1-8D6973F1FD4C}"
EndProject
Project("{FAE04EC0-301F-11D3-BF4B-00C04F79EFBC}") = "JustForTest", "JustForTest\JustForTest.csproj", "{232B6229-CF09-433C-8789-9A4F29912DCF}"
EndProject
Project("{FAE04EC0-301F-11D3-BF4B-00C04F79EFBC}") = "WorldBank.Test", "WorldBank.Test\WorldBank.Test.csproj", "{B187F216-A1CE-4253-A2AA-ED3506F270AA}"
EndProject
Global
	GlobalSection(SolutionConfigurationPlatforms) = preSolution
		Debug|Any CPU = Debug|Any CPU
		Release|Any CPU = Release|Any CPU
	EndGlobalSection
	GlobalSection(ProjectConfigurationPlatforms) = postSolution
		{3171E723-2EEA-49A0-8C05-F6EB23E0F60B}.Debug|Any CPU.ActiveCfg = Debug|Any CPU
		{3171E723-2EEA-49A0-8C05-F6EB23E0F60B}.Debug|Any CPU.Build.0 = Debug|Any CPU
		{3171E723-2EEA-49A0-8C05-F6EB23E0F60B}.Release|Any CPU.ActiveCfg = Release|Any CPU
		{3171E723-2EEA-49A0-8C05-F6EB23E0F60B}.Release|Any CPU.Build.0 = Release|Any CPU
		{32BC205D-4D0B-4530-89F1-8D6973F1FD4C}.Debug|Any CPU.ActiveCfg = Debug|Any CPU
		{32BC205D-4D0B-4530-89F1-8D6973F1FD4C}.Debug|Any CPU.Build.0 = Debug|Any CPU
		{32BC205D-4D0B-4530-89F1-8D6973F1FD4C}.Release|Any CPU.ActiveCfg = Release|Any CPU
		{32BC205D-4D0B-4530-89F1-8D6973F1FD4C}.Release|Any CPU.Build.0 = Release|Any CPU
		{232B6229-CF09-433C-8789-9A4F29912DCF}.Debug|Any CPU.ActiveCfg = Debug|Any CPU
		{232B6229-CF09-433C-8789-9A4F29912DCF}.Debug|Any CPU.Build.0 = Debug|Any CPU
		{232B6229-CF09-433C-8789-9A4F29912DCF}.Release|Any CPU.ActiveCfg = Release|Any CPU
		{232B6229-CF09-433C-8789-9A4F29912DCF}.Release|Any CPU.Build.0 = Release|Any CPU
		{B187F216-A1CE-4253-A2AA-ED3506F270AA}.Debug|Any CPU.ActiveCfg = Debug|Any CPU
		{B187F216-A1CE-4253-A2AA-ED3506F270AA}.Debug|Any CPU.Build.0 = Debug|Any CPU
		{B187F216-A1CE-4253-A2AA-ED3506F270AA}.Release|Any CPU.ActiveCfg = Release|Any CPU
		{B187F216-A1CE-4253-A2AA-ED3506F270AA}.Release|Any CPU.Build.0 = Release|Any CPU
	EndGlobalSection
	GlobalSection(SolutionProperties) = preSolution
		HideSolutionNode = FALSE
	EndGlobalSection
EndGlobal
